
Microsoft Visual Studio Solution File, Format Version 12.00
# Visual Studio 2013
VisualStudioVersion = 12.0.40629.0
MinimumVisualStudioVersion = 10.0.40219.1
Project("{9092AA53-FB77-4645-B42D-1CCCA6BD08BD}") = "activetick", "activetick.njsproj", "{2BBF2634-FA9A-4A0A-A839-8B59C347851B}"
	ProjectSection(ProjectDependencies) = postProject
		{19429551-DA77-38C7-72E0-9E43761C36B3} = {19429551-DA77-38C7-72E0-9E43761C36B3}
	EndProjectSection
EndProject
Project("{8BC9CEB8-8B4A-11D0-8D11-00A0C91BC942}") = "ActiveTickServerAPI", "ActiveTickServerAPI-node\ActiveTickServerAPI.vcxproj", "{19429551-DA77-38C7-72E0-9E43761C36B3}"
EndProject
Global
	GlobalSection(SolutionConfigurationPlatforms) = preSolution
		Debug|Any CPU = Debug|Any CPU
		Debug|Mixed Platforms = Debug|Mixed Platforms
		Debug|Win32 = Debug|Win32
		Release|Any CPU = Release|Any CPU
		Release|Mixed Platforms = Release|Mixed Platforms
		Release|Win32 = Release|Win32
	EndGlobalSection
	GlobalSection(ProjectConfigurationPlatforms) = postSolution
		{2BBF2634-FA9A-4A0A-A839-8B59C347851B}.Debug|Any CPU.ActiveCfg = Debug|Any CPU
		{2BBF2634-FA9A-4A0A-A839-8B59C347851B}.Debug|Any CPU.Build.0 = Debug|Any CPU
		{2BBF2634-FA9A-4A0A-A839-8B59C347851B}.Debug|Mixed Platforms.ActiveCfg = Debug|Any CPU
		{2BBF2634-FA9A-4A0A-A839-8B59C347851B}.Debug|Mixed Platforms.Build.0 = Debug|Any CPU
		{2BBF2634-FA9A-4A0A-A839-8B59C347851B}.Debug|Win32.ActiveCfg = Debug|Any CPU
		{2BBF2634-FA9A-4A0A-A839-8B59C347851B}.Release|Any CPU.ActiveCfg = Release|Any CPU
		{2BBF2634-FA9A-4A0A-A839-8B59C347851B}.Release|Any CPU.Build.0 = Release|Any CPU
		{2BBF2634-FA9A-4A0A-A839-8B59C347851B}.Release|Mixed Platforms.ActiveCfg = Release|Any CPU
		{2BBF2634-FA9A-4A0A-A839-8B59C347851B}.Release|Mixed Platforms.Build.0 = Release|Any CPU
		{2BBF2634-FA9A-4A0A-A839-8B59C347851B}.Release|Win32.ActiveCfg = Release|Any CPU
		{19429551-DA77-38C7-72E0-9E43761C36B3}.Debug|Any CPU.ActiveCfg = Debug|Win32
		{19429551-DA77-38C7-72E0-9E43761C36B3}.Debug|Mixed Platforms.ActiveCfg = Debug|Win32
		{19429551-DA77-38C7-72E0-9E43761C36B3}.Debug|Mixed Platforms.Build.0 = Debug|Win32
		{19429551-DA77-38C7-72E0-9E43761C36B3}.Debug|Win32.ActiveCfg = Debug|Win32
		{19429551-DA77-38C7-72E0-9E43761C36B3}.Debug|Win32.Build.0 = Debug|Win32
		{19429551-DA77-38C7-72E0-9E43761C36B3}.Release|Any CPU.ActiveCfg = Release|Win32
		{19429551-DA77-38C7-72E0-9E43761C36B3}.Release|Mixed Platforms.ActiveCfg = Release|Win32
		{19429551-DA77-38C7-72E0-9E43761C36B3}.Release|Mixed Platforms.Build.0 = Release|Win32
		{19429551-DA77-38C7-72E0-9E43761C36B3}.Release|Win32.ActiveCfg = Release|Win32
		{19429551-DA77-38C7-72E0-9E43761C36B3}.Release|Win32.Build.0 = Release|Win32
	EndGlobalSection
	GlobalSection(SolutionProperties) = preSolution
		HideSolutionNode = FALSE
	EndGlobalSection
EndGlobal
